
Microsoft Visual Studio Solution File, Format Version 12.00
# Visual Studio 14
VisualStudioVersion = 14.0.23107.0
MinimumVisualStudioVersion = 10.0.40219.1
Project("{FAE04EC0-301F-11D3-BF4B-00C04F79EFBC}") = "file transfer", "file transfer\file transfer.csproj", "{1783B248-18F3-47ED-A8B6-042E35DBF402}"
EndProject
Global
	GlobalSection(SolutionConfigurationPlatforms) = preSolution
		Debug|Any CPU = Debug|Any CPU
		Release|Any CPU = Release|Any CPU
	EndGlobalSection
	GlobalSection(ProjectConfigurationPlatforms) = postSolution
		{1783B248-18F3-47ED-A8B6-042E35DBF402}.Debug|Any CPU.ActiveCfg = Debug|Any CPU
		{1783B248-18F3-47ED-A8B6-042E35DBF402}.Debug|Any CPU.Build.0 = Debug|Any CPU
		{1783B248-18F3-47ED-A8B6-042E35DBF402}.Release|Any CPU.ActiveCfg = Release|Any CPU
		{1783B248-18F3-47ED-A8B6-042E35DBF402}.Release|Any CPU.Build.0 = Release|Any CPU
	EndGlobalSection
	GlobalSection(SolutionProperties) = preSolution
		HideSolutionNode = FALSE
	EndGlobalSection
EndGlobal
